
Microsoft Visual Studio Solution File, Format Version 12.00
# Visual Studio Version 17
VisualStudioVersion = 17.8.34330.188
MinimumVisualStudioVersion = 10.0.40219.1
Project("{FAE04EC0-301F-11D3-BF4B-00C04F79EFBC}") = "Talabat.APIs", "TalabatAPIs\Talabat.APIs.csproj", "{ED3C75C7-EE72-4E49-BE20-585821406946}"
EndProject
Project("{FAE04EC0-301F-11D3-BF4B-00C04F79EFBC}") = "Talabat.Services", "Talabat.Services\Talabat.Services.csproj", "{E35A1DE4-FC6C-45C2-984B-6EFFDF9E6B31}"
EndProject
Project("{FAE04EC0-301F-11D3-BF4B-00C04F79EFBC}") = "Talabat.Repository", "Talabat.Repository\Talabat.Repository.csproj", "{75CF5564-F0A2-4256-9369-69A8FC3F1563}"
EndProject
Project("{FAE04EC0-301F-11D3-BF4B-00C04F79EFBC}") = "Talabat.Core", "Talabat.Core\Talabat.Core.csproj", "{E8EC8A3D-839D-44F1-8745-0F4C6503C7E7}"
EndProject
Global
	GlobalSection(SolutionConfigurationPlatforms) = preSolution
		Debug|Any CPU = Debug|Any CPU
		Release|Any CPU = Release|Any CPU
	EndGlobalSection
	GlobalSection(ProjectConfigurationPlatforms) = postSolution
		{ED3C75C7-EE72-4E49-BE20-585821406946}.Debug|Any CPU.ActiveCfg = Debug|Any CPU
		{ED3C75C7-EE72-4E49-BE20-585821406946}.Debug|Any CPU.Build.0 = Debug|Any CPU
		{ED3C75C7-EE72-4E49-BE20-585821406946}.Release|Any CPU.ActiveCfg = Release|Any CPU
		{ED3C75C7-EE72-4E49-BE20-585821406946}.Release|Any CPU.Build.0 = Release|Any CPU
		{E35A1DE4-FC6C-45C2-984B-6EFFDF9E6B31}.Debug|Any CPU.ActiveCfg = Debug|Any CPU
		{E35A1DE4-FC6C-45C2-984B-6EFFDF9E6B31}.Debug|Any CPU.Build.0 = Debug|Any CPU
		{E35A1DE4-FC6C-45C2-984B-6EFFDF9E6B31}.Release|Any CPU.ActiveCfg = Release|Any CPU
		{E35A1DE4-FC6C-45C2-984B-6EFFDF9E6B31}.Release|Any CPU.Build.0 = Release|Any CPU
		{75CF5564-F0A2-4256-9369-69A8FC3F1563}.Debug|Any CPU.ActiveCfg = Debug|Any CPU
		{75CF5564-F0A2-4256-9369-69A8FC3F1563}.Debug|Any CPU.Build.0 = Debug|Any CPU
		{75CF5564-F0A2-4256-9369-69A8FC3F1563}.Release|Any CPU.ActiveCfg = Release|Any CPU
		{75CF5564-F0A2-4256-9369-69A8FC3F1563}.Release|Any CPU.Build.0 = Release|Any CPU
		{E8EC8A3D-839D-44F1-8745-0F4C6503C7E7}.Debug|Any CPU.ActiveCfg = Debug|Any CPU
		{E8EC8A3D-839D-44F1-8745-0F4C6503C7E7}.Debug|Any CPU.Build.0 = Debug|Any CPU
		{E8EC8A3D-839D-44F1-8745-0F4C6503C7E7}.Release|Any CPU.ActiveCfg = Release|Any CPU
		{E8EC8A3D-839D-44F1-8745-0F4C6503C7E7}.Release|Any CPU.Build.0 = Release|Any CPU
	EndGlobalSection
	GlobalSection(SolutionProperties) = preSolution
		HideSolutionNode = FALSE
	EndGlobalSection
	GlobalSection(ExtensibilityGlobals) = postSolution
		SolutionGuid = {6039EE4E-D97E-4561-9E72-4BCD2425A904}
	EndGlobalSection
EndGlobal
